
Microsoft Visual Studio Solution File, Format Version 12.00
# Visual Studio Version 17
VisualStudioVersion = 17.0.31903.59
MinimumVisualStudioVersion = 10.0.40219.1
Project("{2150E333-8FDC-42A3-9474-1A3956D46DE8}") = "src", "src", "{827E0CD3-B72D-47B6-A68D-7590B98EB39B}"
EndProject
Project("{FAE04EC0-301F-11D3-BF4B-00C04F79EFBC}") = "Slackblocks", "src\Slackblocks\Slackblocks.csproj", "{52BD7332-EAB0-493C-9A2A-C7A968208EA6}"
EndProject
Project("{2150E333-8FDC-42A3-9474-1A3956D46DE8}") = "tests", "tests", "{0AB3BF05-4346-4AA6-1389-037BE0695223}"
EndProject
Project("{FAE04EC0-301F-11D3-BF4B-00C04F79EFBC}") = "Slackblocks.Tests", "tests\Slackblocks.Tests\Slackblocks.Tests.csproj", "{56AF149F-2983-4401-BE2B-A56E852E9B59}"
EndProject
Global
	GlobalSection(SolutionConfigurationPlatforms) = preSolution
		Debug|Any CPU = Debug|Any CPU
		Debug|x64 = Debug|x64
		Debug|x86 = Debug|x86
		Release|Any CPU = Release|Any CPU
		Release|x64 = Release|x64
		Release|x86 = Release|x86
	EndGlobalSection
	GlobalSection(ProjectConfigurationPlatforms) = postSolution
		{52BD7332-EAB0-493C-9A2A-C7A968208EA6}.Debug|Any CPU.ActiveCfg = Debug|Any CPU
		{52BD7332-EAB0-493C-9A2A-C7A968208EA6}.Debug|Any CPU.Build.0 = Debug|Any CPU
		{52BD7332-EAB0-493C-9A2A-C7A968208EA6}.Debug|x64.ActiveCfg = Debug|Any CPU
		{52BD7332-EAB0-493C-9A2A-C7A968208EA6}.Debug|x64.Build.0 = Debug|Any CPU
		{52BD7332-EAB0-493C-9A2A-C7A968208EA6}.Debug|x86.ActiveCfg = Debug|Any CPU
		{52BD7332-EAB0-493C-9A2A-C7A968208EA6}.Debug|x86.Build.0 = Debug|Any CPU
		{52BD7332-EAB0-493C-9A2A-C7A968208EA6}.Release|Any CPU.ActiveCfg = Release|Any CPU
		{52BD7332-EAB0-493C-9A2A-C7A968208EA6}.Release|Any CPU.Build.0 = Release|Any CPU
		{52BD7332-EAB0-493C-9A2A-C7A968208EA6}.Release|x64.ActiveCfg = Release|Any CPU
		{52BD7332-EAB0-493C-9A2A-C7A968208EA6}.Release|x64.Build.0 = Release|Any CPU
		{52BD7332-EAB0-493C-9A2A-C7A968208EA6}.Release|x86.ActiveCfg = Release|Any CPU
		{52BD7332-EAB0-493C-9A2A-C7A968208EA6}.Release|x86.Build.0 = Release|Any CPU
		{56AF149F-2983-4401-BE2B-A56E852E9B59}.Debug|Any CPU.ActiveCfg = Debug|Any CPU
		{56AF149F-2983-4401-BE2B-A56E852E9B59}.Debug|Any CPU.Build.0 = Debug|Any CPU
		{56AF149F-2983-4401-BE2B-A56E852E9B59}.Debug|x64.ActiveCfg = Debug|Any CPU
		{56AF149F-2983-4401-BE2B-A56E852E9B59}.Debug|x64.Build.0 = Debug|Any CPU
		{56AF149F-2983-4401-BE2B-A56E852E9B59}.Debug|x86.ActiveCfg = Debug|Any CPU
		{56AF149F-2983-4401-BE2B-A56E852E9B59}.Debug|x86.Build.0 = Debug|Any CPU
		{56AF149F-2983-4401-BE2B-A56E852E9B59}.Release|Any CPU.ActiveCfg = Release|Any CPU
		{56AF149F-2983-4401-BE2B-A56E852E9B59}.Release|Any CPU.Build.0 = Release|Any CPU
		{56AF149F-2983-4401-BE2B-A56E852E9B59}.Release|x64.ActiveCfg = Release|Any CPU
		{56AF149F-2983-4401-BE2B-A56E852E9B59}.Release|x64.Build.0 = Release|Any CPU
		{56AF149F-2983-4401-BE2B-A56E852E9B59}.Release|x86.ActiveCfg = Release|Any CPU
		{56AF149F-2983-4401-BE2B-A56E852E9B59}.Release|x86.Build.0 = Release|Any CPU
	EndGlobalSection
	GlobalSection(SolutionProperties) = preSolution
		HideSolutionNode = FALSE
	EndGlobalSection
	GlobalSection(NestedProjects) = preSolution
		{52BD7332-EAB0-493C-9A2A-C7A968208EA6} = {827E0CD3-B72D-47B6-A68D-7590B98EB39B}
		{56AF149F-2983-4401-BE2B-A56E852E9B59} = {0AB3BF05-4346-4AA6-1389-037BE0695223}
	EndGlobalSection
EndGlobal
